{
  "name": "c",
  "version": "1.0.0",
  "lockfileVersion": 2,
  "requires": true,
  "packages": {
    "": {
      "name": "c",
      "version": "1.0.0",
      "license": "ISC",
      "dependencies": {
        "due-date-calculator": "^1.0.1",
        "validation": "^0.0.1"
      }
    },
    "node_modules/due-date-calculator": {
      "version": "1.0.1",
      "resolved": "https://registry.npmjs.org/due-date-calculator/-/due-date-calculator-1.0.1.tgz",
      "integrity": "sha512-SaoXb11FnCb373ofNBUjQottNsNzipDaU6IVsDKh+KiWMfmA1z3DoyIyFIn6n9DCjeXoQWehUaz9nGuH15rw+g=="
    },
    "node_modules/validation": {
      "version": "0.0.1",
      "resolved": "https://registry.npmjs.org/validation/-/validation-0.0.1.tgz",
      "integrity": "sha512-wddkc+W23TtYJbBQNZc3vxfDXB/nkolCpCOkX/W5tSyK1hQenEHV7ZiAf3OR6N96a9+wzX7zsw3uSCfoTJgCyg==",
      "engines": {
        "node": "*"
      }
    }
  },
  "dependencies": {
    "due-date-calculator": {
      "version": "1.0.1",
      "resolved": "https://registry.npmjs.org/due-date-calculator/-/due-date-calculator-1.0.1.tgz",
      "integrity": "sha512-SaoXb11FnCb373ofNBUjQottNsNzipDaU6IVsDKh+KiWMfmA1z3DoyIyFIn6n9DCjeXoQWehUaz9nGuH15rw+g=="
    },
    "validation": {
      "version": "0.0.1",
      "resolved": "https://registry.npmjs.org/validation/-/validation-0.0.1.tgz",
      "integrity": "sha512-wddkc+W23TtYJbBQNZc3vxfDXB/nkolCpCOkX/W5tSyK1hQenEHV7ZiAf3OR6N96a9+wzX7zsw3uSCfoTJgCyg=="
    }
  }
}
